{
	"name": "@burstjs/crypto",
	"version": "0.1.0-rc1",
	"lockfileVersion": 1,
	"requires": true,
	"dependencies": {
		"@types/crypto-js": {
			"version": "3.1.43",
			"resolved": "https://registry.npmjs.org/@types/crypto-js/-/crypto-js-3.1.43.tgz",
			"integrity": "sha512-EHe/YKctU3IYNBsDmSOPX/7jLHPRlx8WaiDKSY9JCTnJ8XJeM4c0ZJvx+9Gxmr2s2ihI92R+3U/gNL1sq5oRuQ=="
		},
		"@types/jest": {
			"version": "23.3.13",
			"resolved": "https://registry.npmjs.org/@types/jest/-/jest-23.3.13.tgz",
			"integrity": "sha512-ePl4l+7dLLmCucIwgQHAgjiepY++qcI6nb8eAwGNkB6OxmTe3Z9rQU3rSpomqu42PCCnlThZbOoxsf+qylJsLA==",
			"dev": true
		},
		"@types/node": {
			"version": "10.12.18",
			"resolved": "https://registry.npmjs.org/@types/node/-/node-10.12.18.tgz",
			"integrity": "sha512-fh+pAqt4xRzPfqA6eh3Z2y6fyZavRIumvjhaCL753+TVkGKGhpPeyrJG2JftD0T9q4GF00KjefsQ+PQNDdWQaQ=="
		},
		"@types/seedrandom": {
			"version": "2.4.27",
			"resolved": "https://registry.npmjs.org/@types/seedrandom/-/seedrandom-2.4.27.tgz",
			"integrity": "sha1-nbVjk33YaRX2kJK8QyWdL0hXjkE="
		},
		"bn.js": {
			"version": "4.11.8",
			"resolved": "https://registry.npmjs.org/bn.js/-/bn.js-4.11.8.tgz",
			"integrity": "sha512-ItfYfPLkWHUjckQCk8xC+LwxgK8NYcXywGigJgSwOP8Y2iyWT4f2vsZnoOXTTbo+o5yXmIUJ4gn5538SO5S3gA=="
		},
		"crypto-js": {
			"version": "3.1.9-1",
			"resolved": "https://registry.npmjs.org/crypto-js/-/crypto-js-3.1.9-1.tgz",
			"integrity": "sha1-/aGedh/Ad+Af+/3G6f38WeiAbNg="
		},
		"seedrandom": {
			"version": "2.4.4",
			"resolved": "https://registry.npmjs.org/seedrandom/-/seedrandom-2.4.4.tgz",
			"integrity": "sha512-9A+PDmgm+2du77B5i0Ip2cxOqqHjgNxnBgglxLcX78A2D6c2rTo61z4jnVABpF4cKeDMDG+cmXXvdnqse2VqMA=="
		}
	}
}
