{
	"name": "@burstjs/core",
	"version": "0.1.0-rc.3.1",
	"lockfileVersion": 1,
	"requires": true,
	"dependencies": {
		"@burstjs/crypto": {
			"version": "0.1.0-rc.3.1",
			"resolved": "https://registry.npmjs.org/@burstjs/crypto/-/crypto-0.1.0-rc.3.1.tgz",
			"integrity": "sha512-URiBnAfr1TQInD52JuejGn2nRqWcA5mm3KlcuJY/ZOFABqWO/c306efQUdM9DNhImsM54wFrooftwSNnRV5pug==",
			"requires": {
				"@types/crypto-js": "^3.1.43",
				"@types/node": "^10.12.18",
				"@types/pako": "^1.0.1",
				"@types/seedrandom": "^2.4.27",
				"crypto-js": "^3.1.9-1",
				"pako": "^1.0.10",
				"seedrandom": "^2.4.3"
			}
		},
		"@burstjs/http": {
			"version": "0.1.0-rc.3.1",
			"resolved": "https://registry.npmjs.org/@burstjs/http/-/http-0.1.0-rc.3.1.tgz",
			"integrity": "sha512-VjyeFIxdsBT3N1h0aXdIX4cZXMIutxnbJE6K0jxrXTa6OUL5N2m6+NI4KxYJse8I3GL/fcUVad/+XEjYw7Ioww==",
			"requires": {
				"axios": "^0.18.0"
			}
		},
		"@burstjs/util": {
			"version": "0.1.0-rc.3.1",
			"resolved": "https://registry.npmjs.org/@burstjs/util/-/util-0.1.0-rc.3.1.tgz",
			"integrity": "sha512-I2DT1niDnGl4VAP9BPHs5j4M5X/82VWx41oFi1/GRMhaqbkfEdh9u2SX+q1V25jLbyO2sE/iyJUcWmIB7hD8uw=="
		},
		"@types/crypto-js": {
			"version": "3.1.43",
			"resolved": "https://registry.npmjs.org/@types/crypto-js/-/crypto-js-3.1.43.tgz",
			"integrity": "sha512-EHe/YKctU3IYNBsDmSOPX/7jLHPRlx8WaiDKSY9JCTnJ8XJeM4c0ZJvx+9Gxmr2s2ihI92R+3U/gNL1sq5oRuQ=="
		},
		"@types/jest": {
			"version": "23.3.14",
			"resolved": "https://registry.npmjs.org/@types/jest/-/jest-23.3.14.tgz",
			"integrity": "sha512-Q5hTcfdudEL2yOmluA1zaSyPbzWPmJ3XfSWeP3RyoYvS9hnje1ZyagrZOuQ6+1nQC1Gw+7gap3pLNL3xL6UBug==",
			"dev": true
		},
		"@types/node": {
			"version": "10.14.4",
			"resolved": "https://registry.npmjs.org/@types/node/-/node-10.14.4.tgz",
			"integrity": "sha512-DT25xX/YgyPKiHFOpNuANIQIVvYEwCWXgK2jYYwqgaMrYE6+tq+DtmMwlD3drl6DJbUwtlIDnn0d7tIn/EbXBg=="
		},
		"@types/pako": {
			"version": "1.0.1",
			"resolved": "https://registry.npmjs.org/@types/pako/-/pako-1.0.1.tgz",
			"integrity": "sha512-GdZbRSJ3Cv5fiwT6I0SQ3ckeN2PWNqxd26W9Z2fCK1tGrrasGy4puvNFtnddqH9UJFMQYXxEuuB7B8UK+LLwSg=="
		},
		"@types/seedrandom": {
			"version": "2.4.28",
			"resolved": "https://registry.npmjs.org/@types/seedrandom/-/seedrandom-2.4.28.tgz",
			"integrity": "sha512-SMA+fUwULwK7sd/ZJicUztiPs8F1yCPwF3O23Z9uQ32ME5Ha0NmDK9+QTsYE4O2tHXChzXomSWWeIhCnoN1LqA=="
		},
		"axios": {
			"version": "0.18.0",
			"resolved": "https://registry.npmjs.org/axios/-/axios-0.18.0.tgz",
			"integrity": "sha1-MtU+SFHv3AoRmTts0AB4nXDAUQI=",
			"requires": {
				"follow-redirects": "^1.3.0",
				"is-buffer": "^1.1.5"
			}
		},
		"crypto-js": {
			"version": "3.1.9-1",
			"resolved": "https://registry.npmjs.org/crypto-js/-/crypto-js-3.1.9-1.tgz",
			"integrity": "sha1-/aGedh/Ad+Af+/3G6f38WeiAbNg="
		},
		"debug": {
			"version": "3.2.6",
			"resolved": "https://registry.npmjs.org/debug/-/debug-3.2.6.tgz",
			"integrity": "sha512-mel+jf7nrtEl5Pn1Qx46zARXKDpBbvzezse7p7LqINmdoIk8PYP5SySaxEmYv6TZ0JyEKA1hsCId6DIhgITtWQ==",
			"requires": {
				"ms": "^2.1.1"
			}
		},
		"dotenv": {
			"version": "6.2.0",
			"resolved": "https://registry.npmjs.org/dotenv/-/dotenv-6.2.0.tgz",
			"integrity": "sha512-HygQCKUBSFl8wKQZBSemMywRWcEDNidvNbjGVyZu3nbZ8qq9ubiPoGLMdRDpfSrpkkm9BXYFkpKxxFX38o/76w==",
			"dev": true
		},
		"follow-redirects": {
			"version": "1.7.0",
			"resolved": "https://registry.npmjs.org/follow-redirects/-/follow-redirects-1.7.0.tgz",
			"integrity": "sha512-m/pZQy4Gj287eNy94nivy5wchN3Kp+Q5WgUPNy5lJSZ3sgkVKSYV/ZChMAQVIgx1SqfZ2zBZtPA2YlXIWxxJOQ==",
			"requires": {
				"debug": "^3.2.6"
			}
		},
		"is-buffer": {
			"version": "1.1.6",
			"resolved": "https://registry.npmjs.org/is-buffer/-/is-buffer-1.1.6.tgz",
			"integrity": "sha512-NcdALwpXkTm5Zvvbk7owOUSvVvBKDgKP5/ewfXEznmQFfs4ZRmanOeKBTjRVjka3QFoN6XJ+9F3USqfHqTaU5w=="
		},
		"ms": {
			"version": "2.1.1",
			"resolved": "https://registry.npmjs.org/ms/-/ms-2.1.1.tgz",
			"integrity": "sha512-tgp+dl5cGk28utYktBsrFqA7HKgrhgPsg6Z/EfhWI4gl1Hwq8B/GmY/0oXZ6nF8hDVesS/FpnYaD/kOWhYQvyg=="
		},
		"pako": {
			"version": "1.0.10",
			"resolved": "https://registry.npmjs.org/pako/-/pako-1.0.10.tgz",
			"integrity": "sha512-0DTvPVU3ed8+HNXOu5Bs+o//Mbdj9VNQMUOe9oKCwh8l0GNwpTDMKCWbRjgtD291AWnkAgkqA/LOnQS8AmS1tw=="
		},
		"seedrandom": {
			"version": "2.4.4",
			"resolved": "https://registry.npmjs.org/seedrandom/-/seedrandom-2.4.4.tgz",
			"integrity": "sha512-9A+PDmgm+2du77B5i0Ip2cxOqqHjgNxnBgglxLcX78A2D6c2rTo61z4jnVABpF4cKeDMDG+cmXXvdnqse2VqMA=="
		}
	}
}
