{
	"name": "@burstjs/core",
	"version": "0.0.10",
	"lockfileVersion": 1,
	"requires": true,
	"dependencies": {
		"@burstjs/crypto": {
			"version": "0.0.10",
			"resolved": "https://registry.npmjs.org/@burstjs/crypto/-/crypto-0.0.10.tgz",
			"integrity": "sha512-FrAcNENI1jZV2gCUTkHPXpU52nRG9rNSmGkTX5zE9d2JlCva4ccb8lkc+hVgQ74cYvmrW3gKZV3wDVQ8rWVFcA==",
			"requires": {
				"@types/crypto-js": "^3.1.43",
				"@types/node": "^10.12.18",
				"@types/seedrandom": "^2.4.27",
				"bn.js": "^4.11.8",
				"crypto-js": "^3.1.9-1",
				"seedrandom": "^2.4.3"
			}
		},
		"@burstjs/http": {
			"version": "0.0.10",
			"resolved": "https://registry.npmjs.org/@burstjs/http/-/http-0.0.10.tgz",
			"integrity": "sha512-uC3Rv1P8rvoXtVuz9ceDRlQmGH9tU30Vu5/6wcAPCnYkmQfUwsuVnkYSaZ6/nz9oekfrvvlDLXqXixZuUrZTSQ==",
			"requires": {
				"axios": "^0.18.0"
			}
		},
		"@types/crypto-js": {
			"version": "3.1.43",
			"resolved": "https://registry.npmjs.org/@types/crypto-js/-/crypto-js-3.1.43.tgz",
			"integrity": "sha512-EHe/YKctU3IYNBsDmSOPX/7jLHPRlx8WaiDKSY9JCTnJ8XJeM4c0ZJvx+9Gxmr2s2ihI92R+3U/gNL1sq5oRuQ=="
		},
		"@types/jest": {
			"version": "23.3.13",
			"resolved": "https://registry.npmjs.org/@types/jest/-/jest-23.3.13.tgz",
			"integrity": "sha512-ePl4l+7dLLmCucIwgQHAgjiepY++qcI6nb8eAwGNkB6OxmTe3Z9rQU3rSpomqu42PCCnlThZbOoxsf+qylJsLA==",
			"dev": true
		},
		"@types/node": {
			"version": "10.12.20",
			"resolved": "https://registry.npmjs.org/@types/node/-/node-10.12.20.tgz",
			"integrity": "sha512-9spv6SklidqxevvZyOUGjZVz4QRXGu2dNaLyXIFzFYZW0AGDykzPRIUFJXTlQXyfzAucddwTcGtJNim8zqSOPA=="
		},
		"@types/seedrandom": {
			"version": "2.4.27",
			"resolved": "https://registry.npmjs.org/@types/seedrandom/-/seedrandom-2.4.27.tgz",
			"integrity": "sha1-nbVjk33YaRX2kJK8QyWdL0hXjkE="
		},
		"axios": {
			"version": "0.18.0",
			"resolved": "https://registry.npmjs.org/axios/-/axios-0.18.0.tgz",
			"integrity": "sha1-MtU+SFHv3AoRmTts0AB4nXDAUQI=",
			"requires": {
				"follow-redirects": "^1.3.0",
				"is-buffer": "^1.1.5"
			}
		},
		"bn.js": {
			"version": "4.11.8",
			"resolved": "https://registry.npmjs.org/bn.js/-/bn.js-4.11.8.tgz",
			"integrity": "sha512-ItfYfPLkWHUjckQCk8xC+LwxgK8NYcXywGigJgSwOP8Y2iyWT4f2vsZnoOXTTbo+o5yXmIUJ4gn5538SO5S3gA=="
		},
		"crypto-js": {
			"version": "3.1.9-1",
			"resolved": "https://registry.npmjs.org/crypto-js/-/crypto-js-3.1.9-1.tgz",
			"integrity": "sha1-/aGedh/Ad+Af+/3G6f38WeiAbNg="
		},
		"debug": {
			"version": "3.1.0",
			"resolved": "https://registry.npmjs.org/debug/-/debug-3.1.0.tgz",
			"integrity": "sha512-OX8XqP7/1a9cqkxYw2yXss15f26NKWBpDXQd0/uK/KPqdQhxbPa994hnzjcE2VqQpDslf55723cKPUOGSmMY3g==",
			"requires": {
				"ms": "2.0.0"
			}
		},
		"dotenv": {
			"version": "6.2.0",
			"resolved": "https://registry.npmjs.org/dotenv/-/dotenv-6.2.0.tgz",
			"integrity": "sha512-HygQCKUBSFl8wKQZBSemMywRWcEDNidvNbjGVyZu3nbZ8qq9ubiPoGLMdRDpfSrpkkm9BXYFkpKxxFX38o/76w==",
			"dev": true
		},
		"follow-redirects": {
			"version": "1.6.1",
			"resolved": "https://registry.npmjs.org/follow-redirects/-/follow-redirects-1.6.1.tgz",
			"integrity": "sha512-t2JCjbzxQpWvbhts3l6SH1DKzSrx8a+SsaVf4h6bG4kOXUuPYS/kg2Lr4gQSb7eemaHqJkOThF1BGyjlUkO1GQ==",
			"requires": {
				"debug": "=3.1.0"
			}
		},
		"is-buffer": {
			"version": "1.1.6",
			"resolved": "https://registry.npmjs.org/is-buffer/-/is-buffer-1.1.6.tgz",
			"integrity": "sha512-NcdALwpXkTm5Zvvbk7owOUSvVvBKDgKP5/ewfXEznmQFfs4ZRmanOeKBTjRVjka3QFoN6XJ+9F3USqfHqTaU5w=="
		},
		"ms": {
			"version": "2.0.0",
			"resolved": "https://registry.npmjs.org/ms/-/ms-2.0.0.tgz",
			"integrity": "sha1-VgiurfwAvmwpAd9fmGF4jeDVl8g="
		},
		"seedrandom": {
			"version": "2.4.4",
			"resolved": "https://registry.npmjs.org/seedrandom/-/seedrandom-2.4.4.tgz",
			"integrity": "sha512-9A+PDmgm+2du77B5i0Ip2cxOqqHjgNxnBgglxLcX78A2D6c2rTo61z4jnVABpF4cKeDMDG+cmXXvdnqse2VqMA=="
		}
	}
}
