{
	"name": "@burstjs/core",
	"version": "0.1.1",
	"lockfileVersion": 1,
	"requires": true,
	"dependencies": {
		"@burstjs/crypto": {
			"version": "0.1.1",
			"resolved": "https://registry.npmjs.org/@burstjs/crypto/-/crypto-0.1.1.tgz",
			"integrity": "sha512-ZJpZdJEIMslwHD0ViVZS39tJO6vNPmlF9u8uhe9/7XCViQrvGmCbBkL0StO/9WTTLhVKUvOcO8InnqN5CLnRHA==",
			"requires": {
				"@types/crypto-js": "^3.1.43",
				"@types/node": "^10.12.18",
				"@types/pako": "^1.0.1",
				"@types/seedrandom": "^2.4.27",
				"crypto-js": "^3.1.9-1",
				"pako": "^1.0.10",
				"seedrandom": "^2.4.3"
			}
		},
		"@burstjs/http": {
			"version": "0.1.1",
			"resolved": "https://registry.npmjs.org/@burstjs/http/-/http-0.1.1.tgz",
			"integrity": "sha512-lu9tb2GK5PzsKyWI80WtV06drVmNNhGGBTWSZ0Y3lYppENy+9MJmg++rQM9yBk1bUlxnbG65LaBUqvt4/ff30g==",
			"requires": {
				"axios": "^0.18.0"
			}
		},
		"@burstjs/util": {
			"version": "0.1.1",
			"resolved": "https://registry.npmjs.org/@burstjs/util/-/util-0.1.1.tgz",
			"integrity": "sha512-riI3g8kLxMvipTm64kDDcmaxeTDSPgXo3yTYxBqLWrAiFwQ8TENVqZrBbTmYEnEBtdofAvLn9KpFE8FRHfku/Q=="
		},
		"@types/crypto-js": {
			"version": "3.1.43",
			"resolved": "https://registry.npmjs.org/@types/crypto-js/-/crypto-js-3.1.43.tgz",
			"integrity": "sha512-EHe/YKctU3IYNBsDmSOPX/7jLHPRlx8WaiDKSY9JCTnJ8XJeM4c0ZJvx+9Gxmr2s2ihI92R+3U/gNL1sq5oRuQ=="
		},
		"@types/jest": {
			"version": "24.0.13",
			"resolved": "https://registry.npmjs.org/@types/jest/-/jest-24.0.13.tgz",
			"integrity": "sha512-3m6RPnO35r7Dg+uMLj1+xfZaOgIHHHut61djNjzwExXN4/Pm9has9C6I1KMYSfz7mahDhWUOVg4HW/nZdv5Pww==",
			"dev": true,
			"requires": {
				"@types/jest-diff": "*"
			}
		},
		"@types/jest-diff": {
			"version": "20.0.1",
			"resolved": "https://registry.npmjs.org/@types/jest-diff/-/jest-diff-20.0.1.tgz",
			"integrity": "sha512-yALhelO3i0hqZwhjtcr6dYyaLoCHbAMshwtj6cGxTvHZAKXHsYGdff6E8EPw3xLKY0ELUTQ69Q1rQiJENnccMA==",
			"dev": true
		},
		"@types/node": {
			"version": "10.14.7",
			"resolved": "https://registry.npmjs.org/@types/node/-/node-10.14.7.tgz",
			"integrity": "sha512-on4MmIDgHXiuJDELPk1NFaKVUxxCFr37tm8E9yN6rAiF5Pzp/9bBfBHkoexqRiY+hk/Z04EJU9kKEb59YqJ82A=="
		},
		"@types/pako": {
			"version": "1.0.1",
			"resolved": "https://registry.npmjs.org/@types/pako/-/pako-1.0.1.tgz",
			"integrity": "sha512-GdZbRSJ3Cv5fiwT6I0SQ3ckeN2PWNqxd26W9Z2fCK1tGrrasGy4puvNFtnddqH9UJFMQYXxEuuB7B8UK+LLwSg=="
		},
		"@types/seedrandom": {
			"version": "2.4.28",
			"resolved": "https://registry.npmjs.org/@types/seedrandom/-/seedrandom-2.4.28.tgz",
			"integrity": "sha512-SMA+fUwULwK7sd/ZJicUztiPs8F1yCPwF3O23Z9uQ32ME5Ha0NmDK9+QTsYE4O2tHXChzXomSWWeIhCnoN1LqA=="
		},
		"axios": {
			"version": "0.18.0",
			"resolved": "https://registry.npmjs.org/axios/-/axios-0.18.0.tgz",
			"integrity": "sha1-MtU+SFHv3AoRmTts0AB4nXDAUQI=",
			"requires": {
				"follow-redirects": "^1.3.0",
				"is-buffer": "^1.1.5"
			}
		},
		"crypto-js": {
			"version": "3.1.9-1",
			"resolved": "https://registry.npmjs.org/crypto-js/-/crypto-js-3.1.9-1.tgz",
			"integrity": "sha1-/aGedh/Ad+Af+/3G6f38WeiAbNg="
		},
		"debug": {
			"version": "3.2.6",
			"resolved": "https://registry.npmjs.org/debug/-/debug-3.2.6.tgz",
			"integrity": "sha512-mel+jf7nrtEl5Pn1Qx46zARXKDpBbvzezse7p7LqINmdoIk8PYP5SySaxEmYv6TZ0JyEKA1hsCId6DIhgITtWQ==",
			"requires": {
				"ms": "^2.1.1"
			}
		},
		"dotenv": {
			"version": "8.0.0",
			"resolved": "https://registry.npmjs.org/dotenv/-/dotenv-8.0.0.tgz",
			"integrity": "sha512-30xVGqjLjiUOArT4+M5q9sYdvuR4riM6yK9wMcas9Vbp6zZa+ocC9dp6QoftuhTPhFAiLK/0C5Ni2nou/Bk8lg==",
			"dev": true
		},
		"follow-redirects": {
			"version": "1.7.0",
			"resolved": "https://registry.npmjs.org/follow-redirects/-/follow-redirects-1.7.0.tgz",
			"integrity": "sha512-m/pZQy4Gj287eNy94nivy5wchN3Kp+Q5WgUPNy5lJSZ3sgkVKSYV/ZChMAQVIgx1SqfZ2zBZtPA2YlXIWxxJOQ==",
			"requires": {
				"debug": "^3.2.6"
			}
		},
		"is-buffer": {
			"version": "1.1.6",
			"resolved": "https://registry.npmjs.org/is-buffer/-/is-buffer-1.1.6.tgz",
			"integrity": "sha512-NcdALwpXkTm5Zvvbk7owOUSvVvBKDgKP5/ewfXEznmQFfs4ZRmanOeKBTjRVjka3QFoN6XJ+9F3USqfHqTaU5w=="
		},
		"ms": {
			"version": "2.1.1",
			"resolved": "https://registry.npmjs.org/ms/-/ms-2.1.1.tgz",
			"integrity": "sha512-tgp+dl5cGk28utYktBsrFqA7HKgrhgPsg6Z/EfhWI4gl1Hwq8B/GmY/0oXZ6nF8hDVesS/FpnYaD/kOWhYQvyg=="
		},
		"pako": {
			"version": "1.0.10",
			"resolved": "https://registry.npmjs.org/pako/-/pako-1.0.10.tgz",
			"integrity": "sha512-0DTvPVU3ed8+HNXOu5Bs+o//Mbdj9VNQMUOe9oKCwh8l0GNwpTDMKCWbRjgtD291AWnkAgkqA/LOnQS8AmS1tw=="
		},
		"seedrandom": {
			"version": "2.4.4",
			"resolved": "https://registry.npmjs.org/seedrandom/-/seedrandom-2.4.4.tgz",
			"integrity": "sha512-9A+PDmgm+2du77B5i0Ip2cxOqqHjgNxnBgglxLcX78A2D6c2rTo61z4jnVABpF4cKeDMDG+cmXXvdnqse2VqMA=="
		}
	}
}
