{
	"name": "@burstjs/util",
	"version": "0.1.0-rc.2",
	"lockfileVersion": 1,
	"requires": true,
	"dependencies": {
		"@types/jest": {
			"version": "23.3.13",
			"resolved": "https://registry.npmjs.org/@types/jest/-/jest-23.3.13.tgz",
			"integrity": "sha512-ePl4l+7dLLmCucIwgQHAgjiepY++qcI6nb8eAwGNkB6OxmTe3Z9rQU3rSpomqu42PCCnlThZbOoxsf+qylJsLA==",
			"dev": true
		}
	}
}
